
Microsoft Visual Studio Solution File, Format Version 12.00
# Visual Studio Version 16
VisualStudioVersion = 16.0.29326.143
MinimumVisualStudioVersion = 10.0.40219.1
Project("{FAE04EC0-301F-11D3-BF4B-00C04F79EFBC}") = "NotDeadSpace", "NotDeadSpace\NotDeadSpace.csproj", "{EE8BC3D1-7C5A-47B8-B53E-47BBD22FF70A}"
EndProject
Global
	GlobalSection(SolutionConfigurationPlatforms) = preSolution
		Debug|Any CPU = Debug|Any CPU
		Release|Any CPU = Release|Any CPU
	EndGlobalSection
	GlobalSection(ProjectConfigurationPlatforms) = postSolution
		{EE8BC3D1-7C5A-47B8-B53E-47BBD22FF70A}.Debug|Any CPU.ActiveCfg = Debug|Any CPU
		{EE8BC3D1-7C5A-47B8-B53E-47BBD22FF70A}.Debug|Any CPU.Build.0 = Debug|Any CPU
		{EE8BC3D1-7C5A-47B8-B53E-47BBD22FF70A}.Release|Any CPU.ActiveCfg = Release|Any CPU
		{EE8BC3D1-7C5A-47B8-B53E-47BBD22FF70A}.Release|Any CPU.Build.0 = Release|Any CPU
	EndGlobalSection
	GlobalSection(SolutionProperties) = preSolution
		HideSolutionNode = FALSE
	EndGlobalSection
	GlobalSection(ExtensibilityGlobals) = postSolution
		SolutionGuid = {6E3955DA-4BD5-4D84-8F25-984C91E67DC6}
	EndGlobalSection
EndGlobal
